schema: '2.0'
stages:
  data_collection:
    cmd: python src/data_collection.py
    deps:
    - path: src/data_collection.py
      hash: md5
      md5: ee56ad43d59275cba69613e4ab75ef21
      size: 541
    params:
      params.yaml:
        data_collection.test_size: 0.2
    outs:
    - path: data/raw
      hash: md5
      md5: 1da0733f413fef797bd5aca09357943e.dir
      size: 518984
      nfiles: 2
  pre_processing:
    cmd: python src/data_prep.py
    deps:
    - path: data/raw
      hash: md5
      md5: 1da0733f413fef797bd5aca09357943e.dir
      size: 518984
      nfiles: 2
    - path: src/data_prep.py
      hash: md5
      md5: 804036836ce8bc5bd7c8c57c744ecfc7
      size: 827
    outs:
    - path: data/processed
      hash: md5
      md5: e160a8c41c617e538d05a66ed1daf797.dir
      size: 518608
      nfiles: 2
  model_building:
    cmd: python src/model_building.py
    deps:
    - path: data/processed
      hash: md5
      md5: e160a8c41c617e538d05a66ed1daf797.dir
      size: 518608
      nfiles: 2
    - path: src/model_building.py
      hash: md5
      md5: e2a7f11a24c13e25a5f6200447bbedff
      size: 614
    outs:
    - path: model.pkl
      hash: md5
      md5: 38e34f3b57122dc3f130fbe425cbc1e9
      size: 7200945
  model_evaluation:
    cmd: python src/model_eval.py
    deps:
    - path: model.pkl
      hash: md5
      md5: 38e34f3b57122dc3f130fbe425cbc1e9
      size: 7200945
    - path: src/model_eval.py
      hash: md5
      md5: daa9d8899f2c4cfd8daf8fec086b9e0a
      size: 718
    outs:
    - path: metrics.json
      hash: md5
      md5: a1bd83e138845531b470bd1afc0acad1
      size: 140
