schema: '2.0'
stages:
  data_collection:
    cmd: python src/data/data_collection.py
    deps:
    - path: src/data/data_collection.py
      hash: md5
      md5: 46ee53865ba2d42584e7eee072663e2c
      size: 1083
    params:
      params.yaml:
        data_collection.test_size: 0.2
    outs:
    - path: data/raw
      hash: md5
      md5: 1da0733f413fef797bd5aca09357943e.dir
      size: 518984
      nfiles: 2
  pre_processing:
    cmd: python src/data/data_prep.py
    deps:
    - path: data/raw
      hash: md5
      md5: 1da0733f413fef797bd5aca09357943e.dir
      size: 518984
      nfiles: 2
    - path: src/data/data_prep.py
      hash: md5
      md5: 73dea47de2a7ee861d058799323ca2b7
      size: 1235
    outs:
    - path: data/processed
      hash: md5
      md5: 2c52ed0bbf4910ed2d0cf179153ea4f2.dir
      size: 543617
      nfiles: 2
  model_building:
    cmd: python src/models/model_building.py
    deps:
    - path: data/processed
      hash: md5
      md5: 2c52ed0bbf4910ed2d0cf179153ea4f2.dir
      size: 543617
      nfiles: 2
    - path: src/models/model_building.py
      hash: md5
      md5: a59f9e1e5aa8cf446f09d039393c828c
      size: 3003
    params:
      params.yaml:
        model_building.n_estimators: 100
    outs:
    - path: models/model.pkl
      hash: md5
      md5: c838c8a31180ffe962e73ca29af62011
      size: 133406
  model_evaluation:
    cmd: python src/models/model_eval.py
    deps:
    - path: models/model.pkl
      hash: md5
      md5: c838c8a31180ffe962e73ca29af62011
      size: 133406
    - path: src/models/model_eval.py
      hash: md5
      md5: 77cc22468c2a47f7f4be6af277cfcf87
      size: 2110
    outs:
    - path: reports/metrics.json
      hash: md5
      md5: 5680c22f0337ecd29cb639f95b97777f
      size: 125
