schema: '2.0'
stages:
  data_collection:
    cmd: python src/data/data_collection.py
    deps:
    - path: src/data/data_collection.py
      hash: md5
      md5: 46ee53865ba2d42584e7eee072663e2c
      size: 1083
    params:
      params.yaml:
        data_collection.test_size: 0.2
    outs:
    - path: data/raw
      hash: md5
      md5: 1da0733f413fef797bd5aca09357943e.dir
      size: 518984
      nfiles: 2
  pre_processing:
    cmd: python src/data/data_prep.py
    deps:
    - path: data/raw
      hash: md5
      md5: 1da0733f413fef797bd5aca09357943e.dir
      size: 518984
      nfiles: 2
    - path: src/data/data_prep.py
      hash: md5
      md5: b352558ac4cc1f1b1ba2a53b6152fb8d
      size: 1031
    outs:
    - path: data/processed
      hash: md5
      md5: a27cfb86c473726bd3cc450390888ce5.dir
      size: 542859
      nfiles: 2
  model_building:
    cmd: python src/models/model_building.py
    deps:
    - path: data/processed
      hash: md5
      md5: a27cfb86c473726bd3cc450390888ce5.dir
      size: 542859
      nfiles: 2
    - path: src/models/model_building.py
      hash: md5
      md5: 78d011a4f91bdbdf784e90168f940d63
      size: 1171
    params:
      params.yaml:
        model_building.n_estimators: 2000
    outs:
    - path: models/model.pkl
      hash: md5
      md5: 92d101dfae910c1e51a784c7c3a4fb9a
      size: 147205668
  model_evaluation:
    cmd: python src/models/model_eval.py
    deps:
    - path: models/model.pkl
      hash: md5
      md5: 92d101dfae910c1e51a784c7c3a4fb9a
      size: 147205668
    - path: src/models/model_eval.py
      hash: md5
      md5: 5ffe35103b49a207bbf325dcc6f6dc9d
      size: 1178
    outs:
    - path: reports/metrics.json
      hash: md5
      md5: 1f845d20f494a66254b20c26c0395979
      size: 131
